
Microsoft Visual Studio Solution File, Format Version 12.00
# Visual Studio 15
Project("{FAE04EC0-301F-11D3-BF4B-00C04F79EFBC}") = "lonefire", "lonefire.csproj", "{515D324C-0B34-4DB6-85DC-0C8C3C8C16BB}"
EndProject
Global
	GlobalSection(SolutionConfigurationPlatforms) = preSolution
		Debug|Any CPU = Debug|Any CPU
		Release|Any CPU = Release|Any CPU
	EndGlobalSection
	GlobalSection(ProjectConfigurationPlatforms) = postSolution
		{515D324C-0B34-4DB6-85DC-0C8C3C8C16BB}.Debug|Any CPU.ActiveCfg = Debug|Any CPU
		{515D324C-0B34-4DB6-85DC-0C8C3C8C16BB}.Debug|Any CPU.Build.0 = Debug|Any CPU
		{515D324C-0B34-4DB6-85DC-0C8C3C8C16BB}.Release|Any CPU.ActiveCfg = Release|Any CPU
		{515D324C-0B34-4DB6-85DC-0C8C3C8C16BB}.Release|Any CPU.Build.0 = Release|Any CPU
	EndGlobalSection
EndGlobal
